
Microsoft Visual Studio Solution File, Format Version 12.00
# Visual Studio 15
VisualStudioVersion = 15.0.28307.438
MinimumVisualStudioVersion = 10.0.40219.1
Project("{FAE04EC0-301F-11D3-BF4B-00C04F79EFBC}") = "BattleSharp", "BattleSharp.csproj", "{A482CE99-CCB9-462A-8D2A-2A6D4619BC98}"
EndProject
Global
	GlobalSection(SolutionConfigurationPlatforms) = preSolution
		Debug|x86 = Debug|x86
		Release|x86 = Release|x86
	EndGlobalSection
	GlobalSection(ProjectConfigurationPlatforms) = postSolution
		{A482CE99-CCB9-462A-8D2A-2A6D4619BC98}.Debug|x86.ActiveCfg = Debug|x86
		{A482CE99-CCB9-462A-8D2A-2A6D4619BC98}.Debug|x86.Build.0 = Debug|x86
		{A482CE99-CCB9-462A-8D2A-2A6D4619BC98}.Release|x86.ActiveCfg = Release|x86
		{A482CE99-CCB9-462A-8D2A-2A6D4619BC98}.Release|x86.Build.0 = Release|x86
	EndGlobalSection
	GlobalSection(SolutionProperties) = preSolution
		HideSolutionNode = FALSE
	EndGlobalSection
	GlobalSection(ExtensibilityGlobals) = postSolution
		SolutionGuid = {BAB8A59B-66FF-4457-B9CE-1BF5E46F1436}
	EndGlobalSection
EndGlobal
